
Microsoft Visual Studio Solution File, Format Version 12.00
# Visual Studio Version 17
VisualStudioVersion = 17.9.34701.34
MinimumVisualStudioVersion = 10.0.40219.1
Project("{FAE04EC0-301F-11D3-BF4B-00C04F79EFBC}") = "StudentIndex", "StudentIndex\StudentIndex.csproj", "{5E90EBF4-E051-498F-9A9E-AB155A65A614}"
EndProject
Global
	GlobalSection(SolutionConfigurationPlatforms) = preSolution
		Debug|Any CPU = Debug|Any CPU
		Release|Any CPU = Release|Any CPU
	EndGlobalSection
	GlobalSection(ProjectConfigurationPlatforms) = postSolution
		{5E90EBF4-E051-498F-9A9E-AB155A65A614}.Debug|Any CPU.ActiveCfg = Debug|Any CPU
		{5E90EBF4-E051-498F-9A9E-AB155A65A614}.Debug|Any CPU.Build.0 = Debug|Any CPU
		{5E90EBF4-E051-498F-9A9E-AB155A65A614}.Release|Any CPU.ActiveCfg = Release|Any CPU
		{5E90EBF4-E051-498F-9A9E-AB155A65A614}.Release|Any CPU.Build.0 = Release|Any CPU
	EndGlobalSection
	GlobalSection(SolutionProperties) = preSolution
		HideSolutionNode = FALSE
	EndGlobalSection
	GlobalSection(ExtensibilityGlobals) = postSolution
		SolutionGuid = {BE3C115C-6AEF-4637-A00D-7B2334AE54FA}
	EndGlobalSection
EndGlobal
